{
  "name": "understanding-lwm2m-arch",
  "lockfileVersion": 3,
  "requires": true,
  "packages": {
    "": {
      "dependencies": {
        "coap-node": "0.2.8"
      }
    },
    "node_modules/async": {
      "version": "1.5.2",
      "resolved": "https://registry.npmjs.org/async/-/async-1.5.2.tgz",
      "integrity": "sha512-nSVgobk4rv61R9PUSDtYt7mPVB2olxNR5RWJcAsH676/ef11bUZwvu7+RGYrYauVdDPcO519v68wRhXQtxsV9w=="
    },
    "node_modules/bl": {
      "version": "1.0.3",
      "resolved": "https://registry.npmjs.org/bl/-/bl-1.0.3.tgz",
      "integrity": "sha512-phbvN+yOk05EGoFcV/0S8N8ShnJqf6VCWRAw5he2gvRwBubFt/OzmcTNGqBt5b7Y4RK3YCgf6jrgGSR0Cwtsgw==",
      "dependencies": {
        "readable-stream": "~2.0.5"
      }
    },
    "node_modules/busyman": {
      "version": "0.3.0",
      "resolved": "https://registry.npmjs.org/busyman/-/busyman-0.3.0.tgz",
      "integrity": "sha512-pG9WC6uDCTkYkI7u1xWbWU0FtwuAUSTFYLQp4VaHarfWJWeDm8kxAQlBaRim4TESqJhtWbAEY5GtQ7aOoFNrGA=="
    },
    "node_modules/capitalize": {
      "version": "1.0.0",
      "resolved": "https://registry.npmjs.org/capitalize/-/capitalize-1.0.0.tgz",
      "integrity": "sha512-ZvPF27zRh4ZiRbWYfSktO+t7xi4RPfqL9w6gfPAWGT5pT9TjB0rlP8cKHmKWHYYCR8QHKDDebX3HVHcfw6K3GQ=="
    },
    "node_modules/coap": {
      "version": "0.17.0",
      "resolved": "https://registry.npmjs.org/coap/-/coap-0.17.0.tgz",
      "integrity": "sha512-TpDPmOzzKqo1QOo+UcuMLBuoIJ3uS3EqLkpOZLyGLruYhISSo6RbHRt7hYiMT+JOWpfAmHZXX2eoDNxD4N2plg==",
      "dependencies": {
        "bl": "~1.0.0",
        "capitalize": "^1.0.0",
        "coap-packet": "~0.1.12",
        "debug": "^2.2.0",
        "fastseries": "^1.7.0",
        "lru-cache": "~4.0.0",
        "readable-stream": "~2.0.5"
      }
    },
    "node_modules/coap-node": {
      "version": "0.2.8",
      "resolved": "https://registry.npmjs.org/coap-node/-/coap-node-0.2.8.tgz",
      "integrity": "sha512-6uff0X5/mrKAbtnaI/xWsGG/EK3KAC0PNYXJeF79myOIWFCgfw0t1L/qmL9H0sSOngAp3FbgYcWELqM4SXfrow==",
      "dependencies": {
        "busyman": "^0.3.0",
        "coap": "^0.17.0",
        "debug": "^2.2.0",
        "lwm2m-codec": "0.1.1",
        "lwm2m-id": "^1.6.1",
        "network": "^0.2.1",
        "smartobject": "^1.4.3"
      }
    },
    "node_modules/coap-packet": {
      "version": "0.1.14",
      "resolved": "https://registry.npmjs.org/coap-packet/-/coap-packet-0.1.14.tgz",
      "integrity": "sha512-5Ir1q6pajvMwHN0u4Fea3Skg9py6tbTMgvTTmKzwXS/rp11/UUWNiuL2NAuHWlqDDRmXfW3yJPWrXDNmH+hiYg==",
      "engines": {
        "node": ">= 0.10"
      }
    },
    "node_modules/core-util-is": {
      "version": "1.0.3",
      "resolved": "https://registry.npmjs.org/core-util-is/-/core-util-is-1.0.3.tgz",
      "integrity": "sha512-ZQBvi1DcpJ4GDqanjucZ2Hj3wEO5pZDS89BWbkcrvdxksJorwUDDZamX9ldFkp9aw2lmBDLgkObEA4DWNJ9FYQ=="
    },
    "node_modules/debug": {
      "version": "2.6.9",
      "resolved": "https://registry.npmjs.org/debug/-/debug-2.6.9.tgz",
      "integrity": "sha512-bC7ElrdJaJnPbAP+1EotYvqZsb3ecl5wi6Bfi6BJTUcNowp6cvspg0jXznRTKDjm/E7AdgFBVeAPVMNcKGsHMA==",
      "dependencies": {
        "ms": "2.0.0"
      }
    },
    "node_modules/enum": {
      "version": "2.5.0",
      "resolved": "https://registry.npmjs.org/enum/-/enum-2.5.0.tgz",
      "integrity": "sha512-IN9mE0yf+9DoUvGpNQfvJNJ9HyS9VGeo7llLkPdRBtMU2LHLXiQ/JcOI03u8lig0lefGCewv9x82vK8LI8rNPg==",
      "dependencies": {
        "is-buffer": "^1.1.0"
      },
      "engines": {
        "node": ">=0.6.0"
      }
    },
    "node_modules/fastseries": {
      "version": "1.7.2",
      "resolved": "https://registry.npmjs.org/fastseries/-/fastseries-1.7.2.tgz",
      "integrity": "sha512-dTPFrPGS8SNSzAt7u/CbMKCJ3s01N04s4JFbORHcmyvVfVKmbhMD1VtRbh5enGHxkaQDqWyLefiKOGGmohGDDQ==",
      "dependencies": {
        "reusify": "^1.0.0",
        "xtend": "^4.0.0"
      }
    },
    "node_modules/iconv-lite": {
      "version": "0.4.24",
      "resolved": "https://registry.npmjs.org/iconv-lite/-/iconv-lite-0.4.24.tgz",
      "integrity": "sha512-v3MXnZAcvnywkTUEZomIActle7RXXeedOR31wwl7VlyoXO4Qi9arvSenNQWne1TcRwhCL1HwLI21bEqdpj8/rA==",
      "dependencies": {
        "safer-buffer": ">= 2.1.2 < 3"
      },
      "engines": {
        "node": ">=0.10.0"
      }
    },
    "node_modules/inherits": {
      "version": "2.0.4",
      "resolved": "https://registry.npmjs.org/inherits/-/inherits-2.0.4.tgz",
      "integrity": "sha512-k/vGaX4/Yla3WzyMCvTQOXYeIHvqOKtnqBduzTHpzpQZzAskKMhZ2K+EnBiSM9zGSoIFeMpXKxa4dYeZIQqewQ=="
    },
    "node_modules/is-buffer": {
      "version": "1.1.6",
      "resolved": "https://registry.npmjs.org/is-buffer/-/is-buffer-1.1.6.tgz",
      "integrity": "sha512-NcdALwpXkTm5Zvvbk7owOUSvVvBKDgKP5/ewfXEznmQFfs4ZRmanOeKBTjRVjka3QFoN6XJ+9F3USqfHqTaU5w=="
    },
    "node_modules/isarray": {
      "version": "1.0.0",
      "resolved": "https://registry.npmjs.org/isarray/-/isarray-1.0.0.tgz",
      "integrity": "sha512-VLghIWNM6ELQzo7zwmcg0NmTVyWKYjvIeM83yjp0wRDTmUnrM678fQbcKBo6n2CJEF0szoG//ytg+TKla89ALQ=="
    },
    "node_modules/lru-cache": {
      "version": "4.0.2",
      "resolved": "https://registry.npmjs.org/lru-cache/-/lru-cache-4.0.2.tgz",
      "integrity": "sha512-uQw9OqphAGiZhkuPlpFGmdTU2tEuhxTourM/19qGJrxBPHAr/f8BT1a0i/lOclESnGatdJG/UCkP9kZB/Lh1iw==",
      "dependencies": {
        "pseudomap": "^1.0.1",
        "yallist": "^2.0.0"
      }
    },
    "node_modules/lwm2m-codec": {
      "version": "0.1.1",
      "resolved": "https://registry.npmjs.org/lwm2m-codec/-/lwm2m-codec-0.1.1.tgz",
      "integrity": "sha512-/Ma6fqX4yfOkrSQJmOsO+0tH2KbLs7Etx4oeNtgpHEs/ZIglXk6oj/BXqndNaxnU0n1dUths9AkAwss8Pwuvrw==",
      "dependencies": {
        "busyman": "^0.3.0",
        "lwm2m-id": "^1.6.2"
      }
    },
    "node_modules/lwm2m-id": {
      "version": "1.6.4",
      "resolved": "https://registry.npmjs.org/lwm2m-id/-/lwm2m-id-1.6.4.tgz",
      "integrity": "sha512-dmSXcZI+PpSwqBNIWXaIll12EwdTBm3nzjxW72e40ZA6csO7F6uYpZFtgRYMxRea7LISW4/u7M9fkhxlgRoh0Q==",
      "dependencies": {
        "enum": "^2.3.0"
      }
    },
    "node_modules/ms": {
      "version": "2.0.0",
      "resolved": "https://registry.npmjs.org/ms/-/ms-2.0.0.tgz",
      "integrity": "sha512-Tpp60P6IUJDTuOq/5Z8cdskzJujfwqfOTkrwIwj7IRISpnkJnT6SyJ4PCPnGMoFjC9ddhal5KVIYtAt97ix05A=="
    },
    "node_modules/needle": {
      "version": "0.7.11",
      "resolved": "https://registry.npmjs.org/needle/-/needle-0.7.11.tgz",
      "integrity": "sha512-oiPMvdpXlV5+zWcE5fEeoxju9WmimvkE6rOPUu2DEhewzV5MYOGwPDNUBXbgiKHsDM2lvyyPe6nSthRXcP3ZEA==",
      "dependencies": {
        "iconv-lite": "^0.4.4"
      },
      "bin": {
        "needle": "bin/needle"
      },
      "engines": {
        "node": ">= 0.10.x"
      }
    },
    "node_modules/network": {
      "version": "0.2.1",
      "resolved": "https://registry.npmjs.org/network/-/network-0.2.1.tgz",
      "integrity": "sha512-RJpj6s6iEaRk0fo3t5HD6DFXWuczH1AgwKmRcLGg6klt/2waUA9ZsZC7ImRakCGHSo9kH2taTIPmGf9eqjiPng==",
      "dependencies": {
        "async": "^1.5.2",
        "needle": "^0.7.10",
        "wmic": "^0.1.0"
      },
      "bin": {
        "network": "bin/network"
      }
    },
    "node_modules/process-nextick-args": {
      "version": "1.0.7",
      "resolved": "https://registry.npmjs.org/process-nextick-args/-/process-nextick-args-1.0.7.tgz",
      "integrity": "sha512-yN0WQmuCX63LP/TMvAg31nvT6m4vDqJEiiv2CAZqWOGNWutc9DfDk1NPYYmKUFmaVM2UwDowH4u5AHWYP/jxKw=="
    },
    "node_modules/pseudomap": {
      "version": "1.0.2",
      "resolved": "https://registry.npmjs.org/pseudomap/-/pseudomap-1.0.2.tgz",
      "integrity": "sha512-b/YwNhb8lk1Zz2+bXXpS/LK9OisiZZ1SNsSLxN1x2OXVEhW2Ckr/7mWE5vrC1ZTiJlD9g19jWszTmJsB+oEpFQ=="
    },
    "node_modules/readable-stream": {
      "version": "2.0.6",
      "resolved": "https://registry.npmjs.org/readable-stream/-/readable-stream-2.0.6.tgz",
      "integrity": "sha512-TXcFfb63BQe1+ySzsHZI/5v1aJPCShfqvWJ64ayNImXMsN1Cd0YGk/wm8KB7/OeessgPc9QvS9Zou8QTkFzsLw==",
      "dependencies": {
        "core-util-is": "~1.0.0",
        "inherits": "~2.0.1",
        "isarray": "~1.0.0",
        "process-nextick-args": "~1.0.6",
        "string_decoder": "~0.10.x",
        "util-deprecate": "~1.0.1"
      }
    },
    "node_modules/reusify": {
      "version": "1.0.4",
      "resolved": "https://registry.npmjs.org/reusify/-/reusify-1.0.4.tgz",
      "integrity": "sha512-U9nH88a3fc/ekCF1l0/UP1IosiuIjyTh7hBvXVMHYgVcfGvt897Xguj2UOLDeI5BG2m7/uwyaLVT6fbtCwTyzw==",
      "engines": {
        "iojs": ">=1.0.0",
        "node": ">=0.10.0"
      }
    },
    "node_modules/safer-buffer": {
      "version": "2.1.2",
      "resolved": "https://registry.npmjs.org/safer-buffer/-/safer-buffer-2.1.2.tgz",
      "integrity": "sha512-YZo3K82SD7Riyi0E1EQPojLz7kpepnSQI9IyPbHHg1XXXevb5dJI7tpyN2ADxGcQbHG7vcyRHk0cbwqcQriUtg=="
    },
    "node_modules/smartobject": {
      "version": "1.5.3",
      "resolved": "https://registry.npmjs.org/smartobject/-/smartobject-1.5.3.tgz",
      "integrity": "sha512-KmTOop57xa4/0rk4aIkxklTJXHR8Ilu7RuW4DAQbye1C6PtrutjVZmA/gH/1F+r0ulRWX8gAtHr6l3B5coh/FA==",
      "deprecated": "RENAMED: please use @lwmqn/smartobject",
      "dependencies": {
        "busyman": "^0.3.0",
        "lwm2m-id": "^1.6.2"
      }
    },
    "node_modules/string_decoder": {
      "version": "0.10.31",
      "resolved": "https://registry.npmjs.org/string_decoder/-/string_decoder-0.10.31.tgz",
      "integrity": "sha512-ev2QzSzWPYmy9GuqfIVildA4OdcGLeFZQrq5ys6RtiuF+RQQiZWr8TZNyAcuVXyQRYfEO+MsoB/1BuQVhOJuoQ=="
    },
    "node_modules/util-deprecate": {
      "version": "1.0.2",
      "resolved": "https://registry.npmjs.org/util-deprecate/-/util-deprecate-1.0.2.tgz",
      "integrity": "sha512-EPD5q1uXyFxJpCrLnCc1nHnq3gOa6DZBocAIiI2TaSCA7VCJ1UJDMagCzIkXNsUYfD1daK//LTEQ8xiIbrHtcw=="
    },
    "node_modules/wmic": {
      "version": "0.1.0",
      "resolved": "https://registry.npmjs.org/wmic/-/wmic-0.1.0.tgz",
      "integrity": "sha512-fSIOzCT2oSGN9v8d+outSdjcoA7WUGbsPBWZq5o4zF7jZOLaUO84rDuYIO3OsvIOYxUgjrBbADbH7sdT80nZ8w==",
      "dependencies": {
        "async": "",
        "iconv-lite": "^0.4.13"
      }
    },
    "node_modules/xtend": {
      "version": "4.0.2",
      "resolved": "https://registry.npmjs.org/xtend/-/xtend-4.0.2.tgz",
      "integrity": "sha512-LKYU1iAXJXUgAXn9URjiu+MWhyUXHsvfp7mcuYm9dSUKK0/CjtrUwFAxD82/mCWbtLsGjFIad0wIsod4zrTAEQ==",
      "engines": {
        "node": ">=0.4"
      }
    },
    "node_modules/yallist": {
      "version": "2.1.2",
      "resolved": "https://registry.npmjs.org/yallist/-/yallist-2.1.2.tgz",
      "integrity": "sha512-ncTzHV7NvsQZkYe1DW7cbDLm0YpzHmZF5r/iyP3ZnQtMiJ+pjzisCiMNI+Sj+xQF5pXhSHxSB3uDbsBTzY/c2A=="
    }
  }
}
